
Microsoft Visual Studio Solution File, Format Version 12.00
# Visual Studio 15
VisualStudioVersion = 15.0.28010.2046
MinimumVisualStudioVersion = 10.0.40219.1
Project("{9A19103F-16F7-4668-BE54-9A1E7A4F7556}") = "EcsBot", "EcsBot\EcsBot.csproj", "{53F5A792-DA5A-41AE-9D8D-2FBF08423888}"
EndProject
Project("{9A19103F-16F7-4668-BE54-9A1E7A4F7556}") = "BotMiddleware", "BotMiddleware\BotMiddleware.csproj", "{BFC101AE-CE14-45FB-B111-D42CFD5EFB2D}"
EndProject
Project("{9A19103F-16F7-4668-BE54-9A1E7A4F7556}") = "AddStateMiddleware", "AddStateMiddleware\AddStateMiddleware.csproj", "{7042B57E-7EE7-43D0-BF11-328BB53F5634}"
EndProject
Global
	GlobalSection(SolutionConfigurationPlatforms) = preSolution
		Debug|Any CPU = Debug|Any CPU
		Release|Any CPU = Release|Any CPU
	EndGlobalSection
	GlobalSection(ProjectConfigurationPlatforms) = postSolution
		{53F5A792-DA5A-41AE-9D8D-2FBF08423888}.Debug|Any CPU.ActiveCfg = Debug|Any CPU
		{53F5A792-DA5A-41AE-9D8D-2FBF08423888}.Debug|Any CPU.Build.0 = Debug|Any CPU
		{53F5A792-DA5A-41AE-9D8D-2FBF08423888}.Release|Any CPU.ActiveCfg = Release|Any CPU
		{53F5A792-DA5A-41AE-9D8D-2FBF08423888}.Release|Any CPU.Build.0 = Release|Any CPU
		{BFC101AE-CE14-45FB-B111-D42CFD5EFB2D}.Debug|Any CPU.ActiveCfg = Debug|Any CPU
		{BFC101AE-CE14-45FB-B111-D42CFD5EFB2D}.Debug|Any CPU.Build.0 = Debug|Any CPU
		{BFC101AE-CE14-45FB-B111-D42CFD5EFB2D}.Release|Any CPU.ActiveCfg = Release|Any CPU
		{BFC101AE-CE14-45FB-B111-D42CFD5EFB2D}.Release|Any CPU.Build.0 = Release|Any CPU
		{7042B57E-7EE7-43D0-BF11-328BB53F5634}.Debug|Any CPU.ActiveCfg = Debug|Any CPU
		{7042B57E-7EE7-43D0-BF11-328BB53F5634}.Debug|Any CPU.Build.0 = Debug|Any CPU
		{7042B57E-7EE7-43D0-BF11-328BB53F5634}.Release|Any CPU.ActiveCfg = Release|Any CPU
		{7042B57E-7EE7-43D0-BF11-328BB53F5634}.Release|Any CPU.Build.0 = Release|Any CPU
	EndGlobalSection
	GlobalSection(SolutionProperties) = preSolution
		HideSolutionNode = FALSE
	EndGlobalSection
	GlobalSection(ExtensibilityGlobals) = postSolution
		SolutionGuid = {92B7FE84-A420-4178-AE2D-A8C9211F44EF}
	EndGlobalSection
EndGlobal
